{
  "originHash" : "139df82584b0c2e40e3c06592b02b670d49373ff25813998dab52d6c9e7c3b7a",
  "pins" : [
    {
      "identity" : "swift-collections",
      "kind" : "remoteSourceControl",
      "location" : "https://github.com/apple/swift-collections",
      "state" : {
        "revision" : "671108c96644956dddcd89dd59c203dcdb36cec7",
        "version" : "1.1.4"
      }
    },
    {
      "identity" : "swift-syntax",
      "kind" : "remoteSourceControl",
      "location" : "https://github.com/apple/swift-syntax.git",
      "state" : {
        "revision" : "0687f71944021d616d34d922343dcef086855920",
        "version" : "600.0.1"
      }
    }
  ],
  "version" : 3
}
